
Microsoft Visual Studio Solution File, Format Version 12.00
# Visual Studio Version 17
VisualStudioVersion = 17.11.35219.272
MinimumVisualStudioVersion = 10.0.40219.1
Project("{FAE04EC0-301F-11D3-BF4B-00C04F79EFBC}") = "CommandRunner", "CommandRunner.csproj", "{DCC578C5-5170-4A2E-AFF4-2B5DEC41B619}"
EndProject
Global
	GlobalSection(SolutionConfigurationPlatforms) = preSolution
		Debug|Any CPU = Debug|Any CPU
		Release|Any CPU = Release|Any CPU
	EndGlobalSection
	GlobalSection(ProjectConfigurationPlatforms) = postSolution
		{DCC578C5-5170-4A2E-AFF4-2B5DEC41B619}.Debug|Any CPU.ActiveCfg = Debug|Any CPU
		{DCC578C5-5170-4A2E-AFF4-2B5DEC41B619}.Debug|Any CPU.Build.0 = Debug|Any CPU
		{DCC578C5-5170-4A2E-AFF4-2B5DEC41B619}.Release|Any CPU.ActiveCfg = Release|Any CPU
		{DCC578C5-5170-4A2E-AFF4-2B5DEC41B619}.Release|Any CPU.Build.0 = Release|Any CPU
	EndGlobalSection
	GlobalSection(SolutionProperties) = preSolution
		HideSolutionNode = FALSE
	EndGlobalSection
	GlobalSection(ExtensibilityGlobals) = postSolution
		SolutionGuid = {F7EBA0E3-DCA5-4EDD-83F2-3748FA25BB9F}
	EndGlobalSection
EndGlobal
